github.com/davecgh/go-spew v1.1.0 h1:ZDRjVQ15GmhC3fiQ8ni8+OwkZQO4DARzQgrnXU1Liz8=
github.com/ijt/goparsify v0.0.0-20221203142333-3a5276334b8d h1:LFOmpWrSbtolg0YqYC9hQjj5WSLtRGb6aZ3JAugLfgg=
github.com/ijt/goparsify v0.0.0-20221203142333-3a5276334b8d/go.mod h1:112TOyA+aruNSUBlyBWlKBdLVYTdhjiO2CKD0j/URSU=
github.com/pmezard/go-difflib v1.0.0 h1:4DBwDE0NGyQoBHbLQYPwSUPoCMWR5BEzIk/f1lZbAQM=
github.com/stretchr/testify v1.4.0 h1:2E4SXV/wtOkTonXsotYi4li6zVWxYlZuYNCXe9XRJyk=
gopkg.in/yaml.v2 v2.4.0 h1:D8xgwECY7CYvx+Y2n4sBz93Jn9JRvxdiyyo8CTfuKaY=
